
Microsoft Visual Studio Solution File, Format Version 12.00
# Visual Studio Version 17
VisualStudioVersion = 17.1.32414.318
MinimumVisualStudioVersion = 10.0.40219.1
Project("{FAE04EC0-301F-11D3-BF4B-00C04F79EFBC}") = "Biklas_API_V2", "Biklas_API_V2\Biklas_API_V2.csproj", "{DC1D3337-A585-4D93-8771-FAEF73761AE6}"
EndProject
Project("{9A19103F-16F7-4668-BE54-9A1E7A4F7556}") = "CalculadorRutaServicioStd", "CalculadorRutaServicioStd\CalculadorRutaServicioStd.csproj", "{99452BDF-1236-49D9-8ACA-D284A485B96E}"
EndProject
Project("{FAE04EC0-301F-11D3-BF4B-00C04F79EFBC}") = "ComunicadorCorreoServicioStd", "ComunicadorCorreoServicioStd\ComunicadorCorreoServicioStd.csproj", "{9DB0A0D0-8C13-48EC-B374-80833A7ADA77}"
EndProject
Project("{FAE04EC0-301F-11D3-BF4B-00C04F79EFBC}") = "EncriptadorServicioStd", "EncriptadorServicioStd\EncriptadorServicioStd.csproj", "{5BD8A8D6-3829-4892-B36D-12299528BDC1}"
EndProject
Global
	GlobalSection(SolutionConfigurationPlatforms) = preSolution
		Debug|Any CPU = Debug|Any CPU
		Release|Any CPU = Release|Any CPU
	EndGlobalSection
	GlobalSection(ProjectConfigurationPlatforms) = postSolution
		{DC1D3337-A585-4D93-8771-FAEF73761AE6}.Debug|Any CPU.ActiveCfg = Debug|Any CPU
		{DC1D3337-A585-4D93-8771-FAEF73761AE6}.Debug|Any CPU.Build.0 = Debug|Any CPU
		{DC1D3337-A585-4D93-8771-FAEF73761AE6}.Release|Any CPU.ActiveCfg = Release|Any CPU
		{DC1D3337-A585-4D93-8771-FAEF73761AE6}.Release|Any CPU.Build.0 = Release|Any CPU
		{99452BDF-1236-49D9-8ACA-D284A485B96E}.Debug|Any CPU.ActiveCfg = Debug|Any CPU
		{99452BDF-1236-49D9-8ACA-D284A485B96E}.Debug|Any CPU.Build.0 = Debug|Any CPU
		{99452BDF-1236-49D9-8ACA-D284A485B96E}.Release|Any CPU.ActiveCfg = Release|Any CPU
		{99452BDF-1236-49D9-8ACA-D284A485B96E}.Release|Any CPU.Build.0 = Release|Any CPU
		{9DB0A0D0-8C13-48EC-B374-80833A7ADA77}.Debug|Any CPU.ActiveCfg = Debug|Any CPU
		{9DB0A0D0-8C13-48EC-B374-80833A7ADA77}.Debug|Any CPU.Build.0 = Debug|Any CPU
		{9DB0A0D0-8C13-48EC-B374-80833A7ADA77}.Release|Any CPU.ActiveCfg = Release|Any CPU
		{9DB0A0D0-8C13-48EC-B374-80833A7ADA77}.Release|Any CPU.Build.0 = Release|Any CPU
		{5BD8A8D6-3829-4892-B36D-12299528BDC1}.Debug|Any CPU.ActiveCfg = Debug|Any CPU
		{5BD8A8D6-3829-4892-B36D-12299528BDC1}.Debug|Any CPU.Build.0 = Debug|Any CPU
		{5BD8A8D6-3829-4892-B36D-12299528BDC1}.Release|Any CPU.ActiveCfg = Release|Any CPU
		{5BD8A8D6-3829-4892-B36D-12299528BDC1}.Release|Any CPU.Build.0 = Release|Any CPU
	EndGlobalSection
	GlobalSection(SolutionProperties) = preSolution
		HideSolutionNode = FALSE
	EndGlobalSection
	GlobalSection(ExtensibilityGlobals) = postSolution
		SolutionGuid = {8A42C288-DFC6-4B3B-A6C6-FE16C1313B1A}
		EnterpriseLibraryConfigurationToolBinariesPath = packages\Unity.2.1.505.0\lib\NET35
	EndGlobalSection
EndGlobal
